
Microsoft Visual Studio Solution File, Format Version 12.00
# Visual Studio Version 17
VisualStudioVersion = 17.2.32526.322
MinimumVisualStudioVersion = 10.0.40219.1
Project("{FAE04EC0-301F-11D3-BF4B-00C04F79EFBC}") = "Odev2", "Odev2\Odev2.csproj", "{C59D5D48-36EE-4AF6-97C9-FB3A83E031AE}"
EndProject
Project("{FAE04EC0-301F-11D3-BF4B-00C04F79EFBC}") = "Odev3", "Odev3\Odev3.csproj", "{0C8CEB8E-826A-4427-A390-86C42C35BACD}"
EndProject
Global
	GlobalSection(SolutionConfigurationPlatforms) = preSolution
		Debug|Any CPU = Debug|Any CPU
		Release|Any CPU = Release|Any CPU
	EndGlobalSection
	GlobalSection(ProjectConfigurationPlatforms) = postSolution
		{C59D5D48-36EE-4AF6-97C9-FB3A83E031AE}.Debug|Any CPU.ActiveCfg = Debug|Any CPU
		{C59D5D48-36EE-4AF6-97C9-FB3A83E031AE}.Debug|Any CPU.Build.0 = Debug|Any CPU
		{C59D5D48-36EE-4AF6-97C9-FB3A83E031AE}.Release|Any CPU.ActiveCfg = Release|Any CPU
		{C59D5D48-36EE-4AF6-97C9-FB3A83E031AE}.Release|Any CPU.Build.0 = Release|Any CPU
		{0C8CEB8E-826A-4427-A390-86C42C35BACD}.Debug|Any CPU.ActiveCfg = Debug|Any CPU
		{0C8CEB8E-826A-4427-A390-86C42C35BACD}.Debug|Any CPU.Build.0 = Debug|Any CPU
		{0C8CEB8E-826A-4427-A390-86C42C35BACD}.Release|Any CPU.ActiveCfg = Release|Any CPU
		{0C8CEB8E-826A-4427-A390-86C42C35BACD}.Release|Any CPU.Build.0 = Release|Any CPU
	EndGlobalSection
	GlobalSection(SolutionProperties) = preSolution
		HideSolutionNode = FALSE
	EndGlobalSection
	GlobalSection(ExtensibilityGlobals) = postSolution
		SolutionGuid = {6E3B4850-A6D4-4788-BA73-6FCE7F2590E6}
	EndGlobalSection
EndGlobal
